
Microsoft Visual Studio Solution File, Format Version 12.00
# Visual Studio 15
Project("{FAE04EC0-301F-11D3-BF4B-00C04F79EFBC}") = "MonoDevelop.RunCustomTool", "MonoDevelop.RunCustomTool\MonoDevelop.RunCustomTool.csproj", "{20A78C46-FE38-4DC7-8AFF-5AF0453EC4BB}"
EndProject
Global
	GlobalSection(SolutionConfigurationPlatforms) = preSolution
		Debug|Any CPU = Debug|Any CPU
		Release|Any CPU = Release|Any CPU
	EndGlobalSection
	GlobalSection(ProjectConfigurationPlatforms) = postSolution
		{20A78C46-FE38-4DC7-8AFF-5AF0453EC4BB}.Debug|Any CPU.ActiveCfg = Debug|Any CPU
		{20A78C46-FE38-4DC7-8AFF-5AF0453EC4BB}.Debug|Any CPU.Build.0 = Debug|Any CPU
		{20A78C46-FE38-4DC7-8AFF-5AF0453EC4BB}.Release|Any CPU.ActiveCfg = Release|Any CPU
		{20A78C46-FE38-4DC7-8AFF-5AF0453EC4BB}.Release|Any CPU.Build.0 = Release|Any CPU
	EndGlobalSection
EndGlobal
